
Microsoft Visual Studio Solution File, Format Version 12.00
Project("{FAE04EC0-301F-11D3-BF4B-00C04F79EFBC}") = "Weikio.ApiFramework.Samples.ResponseCache", "Weikio.ApiFramework.Samples.ResponseCache.csproj", "{CDD95775-D305-4B71-8A83-D1F1211E54F1}"
EndProject
Project("{FAE04EC0-301F-11D3-BF4B-00C04F79EFBC}") = "Weikio.ApiFramework.Plugins.HelloWorld", "..\..\plugins\Weikio.ApiFramework.Plugins.HelloWorld\Weikio.ApiFramework.Plugins.HelloWorld.csproj", "{72822C55-A9DC-433C-AD76-3EBBD1FEA004}"
EndProject
Global
	GlobalSection(SolutionConfigurationPlatforms) = preSolution
		Debug|Any CPU = Debug|Any CPU
		Release|Any CPU = Release|Any CPU
	EndGlobalSection
	GlobalSection(ProjectConfigurationPlatforms) = postSolution
		{CDD95775-D305-4B71-8A83-D1F1211E54F1}.Debug|Any CPU.ActiveCfg = Debug|Any CPU
		{CDD95775-D305-4B71-8A83-D1F1211E54F1}.Debug|Any CPU.Build.0 = Debug|Any CPU
		{CDD95775-D305-4B71-8A83-D1F1211E54F1}.Release|Any CPU.ActiveCfg = Release|Any CPU
		{CDD95775-D305-4B71-8A83-D1F1211E54F1}.Release|Any CPU.Build.0 = Release|Any CPU
		{72822C55-A9DC-433C-AD76-3EBBD1FEA004}.Debug|Any CPU.ActiveCfg = Debug|Any CPU
		{72822C55-A9DC-433C-AD76-3EBBD1FEA004}.Debug|Any CPU.Build.0 = Debug|Any CPU
		{72822C55-A9DC-433C-AD76-3EBBD1FEA004}.Release|Any CPU.ActiveCfg = Release|Any CPU
		{72822C55-A9DC-433C-AD76-3EBBD1FEA004}.Release|Any CPU.Build.0 = Release|Any CPU
	EndGlobalSection
EndGlobal
