
Microsoft Visual Studio Solution File, Format Version 12.00
Project("{FAE04EC0-301F-11D3-BF4B-00C04F79EFBC}") = "Weikio.ApiFramework.Samples.DependencyConflict", "Weikio.ApiFramework.Samples.DependencyConflict.csproj", "{CE369CE2-4F6F-4B29-9655-031B3F184516}"
EndProject
Project("{FAE04EC0-301F-11D3-BF4B-00C04F79EFBC}") = "Weikio.ApiFramework.Plugins.Logger", "..\..\plugins\Weikio.ApiFramework.Plugins.Logger\Weikio.ApiFramework.Plugins.Logger.csproj", "{2EA74647-F419-4D92-B136-A1F17EBBA0E6}"
EndProject
Project("{FAE04EC0-301F-11D3-BF4B-00C04F79EFBC}") = "Weikio.ApiFramework.Plugins.OldLogger", "..\..\plugins\Weikio.ApiFramework.Plugins.OldLogger\Weikio.ApiFramework.Plugins.OldLogger.csproj", "{804886F5-1798-489A-B88C-A2F1CA54209F}"
EndProject
Global
	GlobalSection(SolutionConfigurationPlatforms) = preSolution
		Debug|Any CPU = Debug|Any CPU
		Release|Any CPU = Release|Any CPU
	EndGlobalSection
	GlobalSection(ProjectConfigurationPlatforms) = postSolution
		{CE369CE2-4F6F-4B29-9655-031B3F184516}.Debug|Any CPU.ActiveCfg = Debug|Any CPU
		{CE369CE2-4F6F-4B29-9655-031B3F184516}.Debug|Any CPU.Build.0 = Debug|Any CPU
		{CE369CE2-4F6F-4B29-9655-031B3F184516}.Release|Any CPU.ActiveCfg = Release|Any CPU
		{CE369CE2-4F6F-4B29-9655-031B3F184516}.Release|Any CPU.Build.0 = Release|Any CPU
		{2EA74647-F419-4D92-B136-A1F17EBBA0E6}.Debug|Any CPU.ActiveCfg = Debug|Any CPU
		{2EA74647-F419-4D92-B136-A1F17EBBA0E6}.Debug|Any CPU.Build.0 = Debug|Any CPU
		{2EA74647-F419-4D92-B136-A1F17EBBA0E6}.Release|Any CPU.ActiveCfg = Release|Any CPU
		{2EA74647-F419-4D92-B136-A1F17EBBA0E6}.Release|Any CPU.Build.0 = Release|Any CPU
		{804886F5-1798-489A-B88C-A2F1CA54209F}.Debug|Any CPU.ActiveCfg = Debug|Any CPU
		{804886F5-1798-489A-B88C-A2F1CA54209F}.Debug|Any CPU.Build.0 = Debug|Any CPU
		{804886F5-1798-489A-B88C-A2F1CA54209F}.Release|Any CPU.ActiveCfg = Release|Any CPU
		{804886F5-1798-489A-B88C-A2F1CA54209F}.Release|Any CPU.Build.0 = Release|Any CPU
	EndGlobalSection
EndGlobal
